
Microsoft Visual Studio Solution File, Format Version 12.00
# Visual Studio Version 17
VisualStudioVersion = 17.0.31903.59
MinimumVisualStudioVersion = 10.0.40219.1
Project("{2150E333-8FDC-42A3-9474-1A3956D46DE8}") = "src", "src", "{DB9922BC-5B15-4034-A0E7-335E8089368A}"
EndProject
Project("{FAE04EC0-301F-11D3-BF4B-00C04F79EFBC}") = "CandidateManagementService", "src\CandidateManagementService\CandidateManagementService.csproj", "{C0F48D78-F278-4D59-9CBC-0578105F6A0F}"
EndProject
Project("{2150E333-8FDC-42A3-9474-1A3956D46DE8}") = "test", "test", "{786A4D67-E2D7-463E-AFE5-B74A4541CB7C}"
EndProject
Project("{FAE04EC0-301F-11D3-BF4B-00C04F79EFBC}") = "CandidateManagementServiceTests", "test\CandidateManagementServiceTests\CandidateManagementServiceTests.csproj", "{BCE8E754-4174-40B4-8D2E-3FBBF997A139}"
EndProject
Global
	GlobalSection(SolutionConfigurationPlatforms) = preSolution
		Debug|Any CPU = Debug|Any CPU
		Release|Any CPU = Release|Any CPU
	EndGlobalSection
	GlobalSection(SolutionProperties) = preSolution
		HideSolutionNode = FALSE
	EndGlobalSection
	GlobalSection(ProjectConfigurationPlatforms) = postSolution
		{C0F48D78-F278-4D59-9CBC-0578105F6A0F}.Debug|Any CPU.ActiveCfg = Debug|Any CPU
		{C0F48D78-F278-4D59-9CBC-0578105F6A0F}.Debug|Any CPU.Build.0 = Debug|Any CPU
		{C0F48D78-F278-4D59-9CBC-0578105F6A0F}.Release|Any CPU.ActiveCfg = Release|Any CPU
		{C0F48D78-F278-4D59-9CBC-0578105F6A0F}.Release|Any CPU.Build.0 = Release|Any CPU
		{BCE8E754-4174-40B4-8D2E-3FBBF997A139}.Debug|Any CPU.ActiveCfg = Debug|Any CPU
		{BCE8E754-4174-40B4-8D2E-3FBBF997A139}.Debug|Any CPU.Build.0 = Debug|Any CPU
		{BCE8E754-4174-40B4-8D2E-3FBBF997A139}.Release|Any CPU.ActiveCfg = Release|Any CPU
		{BCE8E754-4174-40B4-8D2E-3FBBF997A139}.Release|Any CPU.Build.0 = Release|Any CPU
	EndGlobalSection
	GlobalSection(NestedProjects) = preSolution
		{C0F48D78-F278-4D59-9CBC-0578105F6A0F} = {DB9922BC-5B15-4034-A0E7-335E8089368A}
		{BCE8E754-4174-40B4-8D2E-3FBBF997A139} = {786A4D67-E2D7-463E-AFE5-B74A4541CB7C}
	EndGlobalSection
EndGlobal
